{
  "version": 4,
  "terraform_version": "1.10.5",
  "serial": 26,
  "lineage": "7aa1be8d-73c0-72b6-25ec-7c4956c274fe",
  "outputs": {},
  "resources": [
    {
      "mode": "managed",
      "type": "aws_ecs_cluster",
      "name": "restapi",
      "provider": "provider[\"registry.terraform.io/hashicorp/aws\"]",
      "instances": [
        {
          "schema_version": 0,
          "attributes": {
            "arn": "arn:aws:ecs:ap-south-1:060795928934:cluster/restapi",
            "configuration": [],
            "id": "arn:aws:ecs:ap-south-1:060795928934:cluster/restapi",
            "name": "restapi",
            "service_connect_defaults": [],
            "setting": [
              {
                "name": "containerInsights",
                "value": "enabled"
              }
            ],
            "tags": {},
            "tags_all": {}
          },
          "sensitive_attributes": [],
          "private": "bnVsbA=="
        }
      ]
    }
  ],
  "check_results": null
}
